
Microsoft Visual Studio Solution File, Format Version 12.00
# Visual Studio 15
VisualStudioVersion = 15.0.28307.902
MinimumVisualStudioVersion = 10.0.40219.1
Project("{8BC9CEB8-8B4A-11D0-8D11-00A0C91BC942}") = "DX11Tutorial4", "DX11Tutorial4\DX11Tutorial4.vcxproj", "{7595BF65-9C10-4BA9-911F-6825326DA2FE}"
EndProject
Project("{8BC9CEB8-8B4A-11D0-8D11-00A0C91BC942}") = "DX11Tutorial2", "DX11Tutorial2\DX11Tutorial2.vcxproj", "{F3DED4D2-9597-4E4E-A7FA-1DF142B30476}"
EndProject
Project("{8BC9CEB8-8B4A-11D0-8D11-00A0C91BC942}") = "DX11Tutorial5", "DX11Tutorial5\DX11Tutorial5.vcxproj", "{638F5F07-3A56-46C3-B4E0-5CDBF2B6F9BD}"
EndProject
Project("{8BC9CEB8-8B4A-11D0-8D11-00A0C91BC942}") = "DX11Tutorial6", "DX11Tutorial6\DX11Tutorial6.vcxproj", "{0C3D4E81-FB5D-4E99-8604-148E7BAEF922}"
EndProject
Project("{8BC9CEB8-8B4A-11D0-8D11-00A0C91BC942}") = "DX11Tutorial7", "DX11Tutorial7\DX11Tutorial7.vcxproj", "{393C38B9-2B8D-4752-8D5C-BB01CE10DBCD}"
EndProject
Project("{2150E333-8FDC-42A3-9474-1A3956D46DE8}") = "Tutorials", "Tutorials", "{5C8B60DA-40E6-42D2-9A61-9C5A98C12DB6}"
EndProject
Project("{8BC9CEB8-8B4A-11D0-8D11-00A0C91BC942}") = "FBXImportScene", "ImportScene\ImportScene.vcxproj", "{28C46CBC-3352-495F-8C9C-B58F7B741194}"
EndProject
Project("{8BC9CEB8-8B4A-11D0-8D11-00A0C91BC942}") = "DX11ObjectWithFBX", "DX11ObjectWithFBX\DX11ObjectWithFBX.vcxproj", "{73B7B1B3-D037-4C0E-9DA8-DAA94BB824A5}"
EndProject
Project("{8BC9CEB8-8B4A-11D0-8D11-00A0C91BC942}") = "DX11SkinningWithFBX", "DX11SkinningWithFBX\DX11SkinningWithFBX.vcxproj", "{5A1C8144-D9E9-4A11-9213-3A5720D336FD}"
EndProject
Project("{8BC9CEB8-8B4A-11D0-8D11-00A0C91BC942}") = "FBXTriangulate", "TriangulateFBX\TriangulateFBX.vcxproj", "{8ECEBC40-815D-4188-B1EA-817BCC4AC8D6}"
EndProject
Project("{2150E333-8FDC-42A3-9474-1A3956D46DE8}") = "DX11", "DX11", "{4E76835E-916B-4912-A856-E1D11BCB7A95}"
EndProject
Project("{8BC9CEB8-8B4A-11D0-8D11-00A0C91BC942}") = "CPPAllocators", "CPPAllocators\CPPAllocators.vcxproj", "{F234E881-5019-4AD3-9373-4EFC857B5409}"
EndProject
Project("{8BC9CEB8-8B4A-11D0-8D11-00A0C91BC942}") = "Geometry", "Geometry\Geometry.vcxproj", "{C201FEA1-BDFA-4CE0-A286-FF636D1971AE}"
	ProjectSection(ProjectDependencies) = postProject
		{AB0F2346-72D5-42B2-9830-BBCF0381AAF1} = {AB0F2346-72D5-42B2-9830-BBCF0381AAF1}
	EndProjectSection
EndProject
Project("{8BC9CEB8-8B4A-11D0-8D11-00A0C91BC942}") = "Common", "Common\Common.vcxproj", "{AB0F2346-72D5-42B2-9830-BBCF0381AAF1}"
EndProject
Project("{8BC9CEB8-8B4A-11D0-8D11-00A0C91BC942}") = "Input", "Input\Input.vcxproj", "{25A30397-0F61-4FD5-A3AD-7625AC470CD6}"
EndProject
Project("{2150E333-8FDC-42A3-9474-1A3956D46DE8}") = "Framworks", "Framworks", "{26801999-FAC0-4122-A4AB-ED45F9B88AB1}"
EndProject
Project("{8BC9CEB8-8B4A-11D0-8D11-00A0C91BC942}") = "Tests", "Tests\Tests.vcxproj", "{C7EC6809-CCBA-46CF-A2BC-D0F7CD7CF2FF}"
EndProject
Project("{8BC9CEB8-8B4A-11D0-8D11-00A0C91BC942}") = "DX12Tutorial", "DX12Tutorial\DX12Tutorial.vcxproj", "{ABD3C944-70BF-4059-8CEB-926444BED04D}"
EndProject
Project("{2150E333-8FDC-42A3-9474-1A3956D46DE8}") = "DX12", "DX12", "{26BEA6E2-6D2A-43C0-B409-62DB3832CB7E}"
EndProject
Global
	GlobalSection(SolutionConfigurationPlatforms) = preSolution
		Debug|x64 = Debug|x64
		Debug|x86 = Debug|x86
		Release|x64 = Release|x64
		Release|x86 = Release|x86
	EndGlobalSection
	GlobalSection(ProjectConfigurationPlatforms) = postSolution
		{7595BF65-9C10-4BA9-911F-6825326DA2FE}.Debug|x64.ActiveCfg = Debug|x64
		{7595BF65-9C10-4BA9-911F-6825326DA2FE}.Debug|x64.Build.0 = Debug|x64
		{7595BF65-9C10-4BA9-911F-6825326DA2FE}.Debug|x86.ActiveCfg = Debug|Win32
		{7595BF65-9C10-4BA9-911F-6825326DA2FE}.Debug|x86.Build.0 = Debug|Win32
		{7595BF65-9C10-4BA9-911F-6825326DA2FE}.Release|x64.ActiveCfg = Release|x64
		{7595BF65-9C10-4BA9-911F-6825326DA2FE}.Release|x64.Build.0 = Release|x64
		{7595BF65-9C10-4BA9-911F-6825326DA2FE}.Release|x86.ActiveCfg = Release|Win32
		{7595BF65-9C10-4BA9-911F-6825326DA2FE}.Release|x86.Build.0 = Release|Win32
		{F3DED4D2-9597-4E4E-A7FA-1DF142B30476}.Debug|x64.ActiveCfg = Debug|x64
		{F3DED4D2-9597-4E4E-A7FA-1DF142B30476}.Debug|x64.Build.0 = Debug|x64
		{F3DED4D2-9597-4E4E-A7FA-1DF142B30476}.Debug|x86.ActiveCfg = Debug|Win32
		{F3DED4D2-9597-4E4E-A7FA-1DF142B30476}.Debug|x86.Build.0 = Debug|Win32
		{F3DED4D2-9597-4E4E-A7FA-1DF142B30476}.Release|x64.ActiveCfg = Release|x64
		{F3DED4D2-9597-4E4E-A7FA-1DF142B30476}.Release|x64.Build.0 = Release|x64
		{F3DED4D2-9597-4E4E-A7FA-1DF142B30476}.Release|x86.ActiveCfg = Release|Win32
		{F3DED4D2-9597-4E4E-A7FA-1DF142B30476}.Release|x86.Build.0 = Release|Win32
		{638F5F07-3A56-46C3-B4E0-5CDBF2B6F9BD}.Debug|x64.ActiveCfg = Debug|x64
		{638F5F07-3A56-46C3-B4E0-5CDBF2B6F9BD}.Debug|x64.Build.0 = Debug|x64
		{638F5F07-3A56-46C3-B4E0-5CDBF2B6F9BD}.Debug|x86.ActiveCfg = Debug|Win32
		{638F5F07-3A56-46C3-B4E0-5CDBF2B6F9BD}.Debug|x86.Build.0 = Debug|Win32
		{638F5F07-3A56-46C3-B4E0-5CDBF2B6F9BD}.Release|x64.ActiveCfg = Release|x64
		{638F5F07-3A56-46C3-B4E0-5CDBF2B6F9BD}.Release|x64.Build.0 = Release|x64
		{638F5F07-3A56-46C3-B4E0-5CDBF2B6F9BD}.Release|x86.ActiveCfg = Release|Win32
		{638F5F07-3A56-46C3-B4E0-5CDBF2B6F9BD}.Release|x86.Build.0 = Release|Win32
		{0C3D4E81-FB5D-4E99-8604-148E7BAEF922}.Debug|x64.ActiveCfg = Debug|x64
		{0C3D4E81-FB5D-4E99-8604-148E7BAEF922}.Debug|x64.Build.0 = Debug|x64
		{0C3D4E81-FB5D-4E99-8604-148E7BAEF922}.Debug|x86.ActiveCfg = Debug|Win32
		{0C3D4E81-FB5D-4E99-8604-148E7BAEF922}.Debug|x86.Build.0 = Debug|Win32
		{0C3D4E81-FB5D-4E99-8604-148E7BAEF922}.Release|x64.ActiveCfg = Release|x64
		{0C3D4E81-FB5D-4E99-8604-148E7BAEF922}.Release|x64.Build.0 = Release|x64
		{0C3D4E81-FB5D-4E99-8604-148E7BAEF922}.Release|x86.ActiveCfg = Release|Win32
		{0C3D4E81-FB5D-4E99-8604-148E7BAEF922}.Release|x86.Build.0 = Release|Win32
		{393C38B9-2B8D-4752-8D5C-BB01CE10DBCD}.Debug|x64.ActiveCfg = Debug|x64
		{393C38B9-2B8D-4752-8D5C-BB01CE10DBCD}.Debug|x64.Build.0 = Debug|x64
		{393C38B9-2B8D-4752-8D5C-BB01CE10DBCD}.Debug|x86.ActiveCfg = Debug|Win32
		{393C38B9-2B8D-4752-8D5C-BB01CE10DBCD}.Debug|x86.Build.0 = Debug|Win32
		{393C38B9-2B8D-4752-8D5C-BB01CE10DBCD}.Release|x64.ActiveCfg = Release|x64
		{393C38B9-2B8D-4752-8D5C-BB01CE10DBCD}.Release|x64.Build.0 = Release|x64
		{393C38B9-2B8D-4752-8D5C-BB01CE10DBCD}.Release|x86.ActiveCfg = Release|Win32
		{393C38B9-2B8D-4752-8D5C-BB01CE10DBCD}.Release|x86.Build.0 = Release|Win32
		{28C46CBC-3352-495F-8C9C-B58F7B741194}.Debug|x64.ActiveCfg = Debug|x64
		{28C46CBC-3352-495F-8C9C-B58F7B741194}.Debug|x64.Build.0 = Debug|x64
		{28C46CBC-3352-495F-8C9C-B58F7B741194}.Debug|x86.ActiveCfg = Debug|Win32
		{28C46CBC-3352-495F-8C9C-B58F7B741194}.Debug|x86.Build.0 = Debug|Win32
		{28C46CBC-3352-495F-8C9C-B58F7B741194}.Release|x64.ActiveCfg = Release|x64
		{28C46CBC-3352-495F-8C9C-B58F7B741194}.Release|x64.Build.0 = Release|x64
		{28C46CBC-3352-495F-8C9C-B58F7B741194}.Release|x86.ActiveCfg = Release|Win32
		{28C46CBC-3352-495F-8C9C-B58F7B741194}.Release|x86.Build.0 = Release|Win32
		{73B7B1B3-D037-4C0E-9DA8-DAA94BB824A5}.Debug|x64.ActiveCfg = Debug|x64
		{73B7B1B3-D037-4C0E-9DA8-DAA94BB824A5}.Debug|x64.Build.0 = Debug|x64
		{73B7B1B3-D037-4C0E-9DA8-DAA94BB824A5}.Debug|x86.ActiveCfg = Debug|Win32
		{73B7B1B3-D037-4C0E-9DA8-DAA94BB824A5}.Debug|x86.Build.0 = Debug|Win32
		{73B7B1B3-D037-4C0E-9DA8-DAA94BB824A5}.Release|x64.ActiveCfg = Release|x64
		{73B7B1B3-D037-4C0E-9DA8-DAA94BB824A5}.Release|x64.Build.0 = Release|x64
		{73B7B1B3-D037-4C0E-9DA8-DAA94BB824A5}.Release|x86.ActiveCfg = Release|Win32
		{73B7B1B3-D037-4C0E-9DA8-DAA94BB824A5}.Release|x86.Build.0 = Release|Win32
		{5A1C8144-D9E9-4A11-9213-3A5720D336FD}.Debug|x64.ActiveCfg = Debug|x64
		{5A1C8144-D9E9-4A11-9213-3A5720D336FD}.Debug|x64.Build.0 = Debug|x64
		{5A1C8144-D9E9-4A11-9213-3A5720D336FD}.Debug|x86.ActiveCfg = Debug|Win32
		{5A1C8144-D9E9-4A11-9213-3A5720D336FD}.Debug|x86.Build.0 = Debug|Win32
		{5A1C8144-D9E9-4A11-9213-3A5720D336FD}.Release|x64.ActiveCfg = Release|x64
		{5A1C8144-D9E9-4A11-9213-3A5720D336FD}.Release|x64.Build.0 = Release|x64
		{5A1C8144-D9E9-4A11-9213-3A5720D336FD}.Release|x86.ActiveCfg = Release|Win32
		{5A1C8144-D9E9-4A11-9213-3A5720D336FD}.Release|x86.Build.0 = Release|Win32
		{8ECEBC40-815D-4188-B1EA-817BCC4AC8D6}.Debug|x64.ActiveCfg = Debug|x64
		{8ECEBC40-815D-4188-B1EA-817BCC4AC8D6}.Debug|x64.Build.0 = Debug|x64
		{8ECEBC40-815D-4188-B1EA-817BCC4AC8D6}.Debug|x86.ActiveCfg = Debug|Win32
		{8ECEBC40-815D-4188-B1EA-817BCC4AC8D6}.Debug|x86.Build.0 = Debug|Win32
		{8ECEBC40-815D-4188-B1EA-817BCC4AC8D6}.Release|x64.ActiveCfg = Release|x64
		{8ECEBC40-815D-4188-B1EA-817BCC4AC8D6}.Release|x64.Build.0 = Release|x64
		{8ECEBC40-815D-4188-B1EA-817BCC4AC8D6}.Release|x86.ActiveCfg = Release|Win32
		{8ECEBC40-815D-4188-B1EA-817BCC4AC8D6}.Release|x86.Build.0 = Release|Win32
		{F234E881-5019-4AD3-9373-4EFC857B5409}.Debug|x64.ActiveCfg = Debug|x64
		{F234E881-5019-4AD3-9373-4EFC857B5409}.Debug|x64.Build.0 = Debug|x64
		{F234E881-5019-4AD3-9373-4EFC857B5409}.Debug|x86.ActiveCfg = Debug|Win32
		{F234E881-5019-4AD3-9373-4EFC857B5409}.Debug|x86.Build.0 = Debug|Win32
		{F234E881-5019-4AD3-9373-4EFC857B5409}.Release|x64.ActiveCfg = Release|x64
		{F234E881-5019-4AD3-9373-4EFC857B5409}.Release|x64.Build.0 = Release|x64
		{F234E881-5019-4AD3-9373-4EFC857B5409}.Release|x86.ActiveCfg = Release|Win32
		{F234E881-5019-4AD3-9373-4EFC857B5409}.Release|x86.Build.0 = Release|Win32
		{C201FEA1-BDFA-4CE0-A286-FF636D1971AE}.Debug|x64.ActiveCfg = Debug|x64
		{C201FEA1-BDFA-4CE0-A286-FF636D1971AE}.Debug|x64.Build.0 = Debug|x64
		{C201FEA1-BDFA-4CE0-A286-FF636D1971AE}.Debug|x86.ActiveCfg = Debug|Win32
		{C201FEA1-BDFA-4CE0-A286-FF636D1971AE}.Debug|x86.Build.0 = Debug|Win32
		{C201FEA1-BDFA-4CE0-A286-FF636D1971AE}.Release|x64.ActiveCfg = Release|x64
		{C201FEA1-BDFA-4CE0-A286-FF636D1971AE}.Release|x64.Build.0 = Release|x64
		{C201FEA1-BDFA-4CE0-A286-FF636D1971AE}.Release|x86.ActiveCfg = Release|Win32
		{C201FEA1-BDFA-4CE0-A286-FF636D1971AE}.Release|x86.Build.0 = Release|Win32
		{AB0F2346-72D5-42B2-9830-BBCF0381AAF1}.Debug|x64.ActiveCfg = Debug|x64
		{AB0F2346-72D5-42B2-9830-BBCF0381AAF1}.Debug|x64.Build.0 = Debug|x64
		{AB0F2346-72D5-42B2-9830-BBCF0381AAF1}.Debug|x86.ActiveCfg = Debug|Win32
		{AB0F2346-72D5-42B2-9830-BBCF0381AAF1}.Debug|x86.Build.0 = Debug|Win32
		{AB0F2346-72D5-42B2-9830-BBCF0381AAF1}.Release|x64.ActiveCfg = Release|x64
		{AB0F2346-72D5-42B2-9830-BBCF0381AAF1}.Release|x64.Build.0 = Release|x64
		{AB0F2346-72D5-42B2-9830-BBCF0381AAF1}.Release|x86.ActiveCfg = Release|Win32
		{AB0F2346-72D5-42B2-9830-BBCF0381AAF1}.Release|x86.Build.0 = Release|Win32
		{25A30397-0F61-4FD5-A3AD-7625AC470CD6}.Debug|x64.ActiveCfg = Debug|x64
		{25A30397-0F61-4FD5-A3AD-7625AC470CD6}.Debug|x64.Build.0 = Debug|x64
		{25A30397-0F61-4FD5-A3AD-7625AC470CD6}.Debug|x86.ActiveCfg = Debug|Win32
		{25A30397-0F61-4FD5-A3AD-7625AC470CD6}.Debug|x86.Build.0 = Debug|Win32
		{25A30397-0F61-4FD5-A3AD-7625AC470CD6}.Release|x64.ActiveCfg = Release|x64
		{25A30397-0F61-4FD5-A3AD-7625AC470CD6}.Release|x64.Build.0 = Release|x64
		{25A30397-0F61-4FD5-A3AD-7625AC470CD6}.Release|x86.ActiveCfg = Release|Win32
		{25A30397-0F61-4FD5-A3AD-7625AC470CD6}.Release|x86.Build.0 = Release|Win32
		{C7EC6809-CCBA-46CF-A2BC-D0F7CD7CF2FF}.Debug|x64.ActiveCfg = Debug|x64
		{C7EC6809-CCBA-46CF-A2BC-D0F7CD7CF2FF}.Debug|x64.Build.0 = Debug|x64
		{C7EC6809-CCBA-46CF-A2BC-D0F7CD7CF2FF}.Debug|x86.ActiveCfg = Debug|Win32
		{C7EC6809-CCBA-46CF-A2BC-D0F7CD7CF2FF}.Debug|x86.Build.0 = Debug|Win32
		{C7EC6809-CCBA-46CF-A2BC-D0F7CD7CF2FF}.Release|x64.ActiveCfg = Release|x64
		{C7EC6809-CCBA-46CF-A2BC-D0F7CD7CF2FF}.Release|x64.Build.0 = Release|x64
		{C7EC6809-CCBA-46CF-A2BC-D0F7CD7CF2FF}.Release|x86.ActiveCfg = Release|Win32
		{C7EC6809-CCBA-46CF-A2BC-D0F7CD7CF2FF}.Release|x86.Build.0 = Release|Win32
		{ABD3C944-70BF-4059-8CEB-926444BED04D}.Debug|x64.ActiveCfg = Debug|x64
		{ABD3C944-70BF-4059-8CEB-926444BED04D}.Debug|x64.Build.0 = Debug|x64
		{ABD3C944-70BF-4059-8CEB-926444BED04D}.Debug|x86.ActiveCfg = Debug|Win32
		{ABD3C944-70BF-4059-8CEB-926444BED04D}.Debug|x86.Build.0 = Debug|Win32
		{ABD3C944-70BF-4059-8CEB-926444BED04D}.Release|x64.ActiveCfg = Release|x64
		{ABD3C944-70BF-4059-8CEB-926444BED04D}.Release|x64.Build.0 = Release|x64
		{ABD3C944-70BF-4059-8CEB-926444BED04D}.Release|x86.ActiveCfg = Release|Win32
		{ABD3C944-70BF-4059-8CEB-926444BED04D}.Release|x86.Build.0 = Release|Win32
	EndGlobalSection
	GlobalSection(SolutionProperties) = preSolution
		HideSolutionNode = FALSE
	EndGlobalSection
	GlobalSection(NestedProjects) = preSolution
		{7595BF65-9C10-4BA9-911F-6825326DA2FE} = {4E76835E-916B-4912-A856-E1D11BCB7A95}
		{F3DED4D2-9597-4E4E-A7FA-1DF142B30476} = {4E76835E-916B-4912-A856-E1D11BCB7A95}
		{638F5F07-3A56-46C3-B4E0-5CDBF2B6F9BD} = {4E76835E-916B-4912-A856-E1D11BCB7A95}
		{0C3D4E81-FB5D-4E99-8604-148E7BAEF922} = {4E76835E-916B-4912-A856-E1D11BCB7A95}
		{393C38B9-2B8D-4752-8D5C-BB01CE10DBCD} = {4E76835E-916B-4912-A856-E1D11BCB7A95}
		{28C46CBC-3352-495F-8C9C-B58F7B741194} = {5C8B60DA-40E6-42D2-9A61-9C5A98C12DB6}
		{8ECEBC40-815D-4188-B1EA-817BCC4AC8D6} = {5C8B60DA-40E6-42D2-9A61-9C5A98C12DB6}
		{4E76835E-916B-4912-A856-E1D11BCB7A95} = {5C8B60DA-40E6-42D2-9A61-9C5A98C12DB6}
		{F234E881-5019-4AD3-9373-4EFC857B5409} = {5C8B60DA-40E6-42D2-9A61-9C5A98C12DB6}
		{C201FEA1-BDFA-4CE0-A286-FF636D1971AE} = {26801999-FAC0-4122-A4AB-ED45F9B88AB1}
		{AB0F2346-72D5-42B2-9830-BBCF0381AAF1} = {26801999-FAC0-4122-A4AB-ED45F9B88AB1}
		{25A30397-0F61-4FD5-A3AD-7625AC470CD6} = {26801999-FAC0-4122-A4AB-ED45F9B88AB1}
		{C7EC6809-CCBA-46CF-A2BC-D0F7CD7CF2FF} = {26801999-FAC0-4122-A4AB-ED45F9B88AB1}
		{ABD3C944-70BF-4059-8CEB-926444BED04D} = {26BEA6E2-6D2A-43C0-B409-62DB3832CB7E}
		{26BEA6E2-6D2A-43C0-B409-62DB3832CB7E} = {5C8B60DA-40E6-42D2-9A61-9C5A98C12DB6}
	EndGlobalSection
	GlobalSection(ExtensibilityGlobals) = postSolution
		SolutionGuid = {0E1ACB44-444C-43B6-83AC-7BA3E7F03957}
	EndGlobalSection
EndGlobal
