<?xml version="1.0" encoding="utf-8"?>
<Project ToolsVersion="4.0" xmlns="http://schemas.microsoft.com/developer/msbuild/2003">
  <ItemGroup>
    <ClCompile Include="dxentry.cpp" />
    <ClCompile Include="..\Framework\source\dx11util.cpp">
      <Filter>Framework\source</Filter>
    </ClCompile>
    <ClCompile Include="..\Framework\source\fbximport.cpp">
      <Filter>Framework\source</Filter>
    </ClCompile>
    <ClCompile Include="..\Framework\source\renderinstance.cpp">
      <Filter>Framework\source</Filter>
    </ClCompile>
    <ClCompile Include="..\Framework\source\winmain.cpp">
      <Filter>Framework\source</Filter>
    </ClCompile>
    <ClCompile Include="..\Framework\source\allocators.cpp">
      <Filter>Framework\source</Filter>
    </ClCompile>
    <ClCompile Include="..\Framework\source\datatypes.cpp">
      <Filter>Framework\source</Filter>
    </ClCompile>
    <ClCompile Include="..\Framework\source\dx11depend.cpp">
      <Filter>Framework\source</Filter>
    </ClCompile>
    <ClCompile Include="..\Framework\source\dx11res.cpp">
      <Filter>Framework\source</Filter>
    </ClCompile>
    <ClCompile Include="..\Framework\source\dx11resdesc.cpp">
      <Filter>Framework\source</Filter>
    </ClCompile>
  </ItemGroup>
  <ItemGroup>
    <Filter Include="Resources">
      <UniqueIdentifier>{648431a7-9347-44a8-90d0-4a70fe168dd1}</UniqueIdentifier>
    </Filter>
    <Filter Include="Framework">
      <UniqueIdentifier>{789131e8-e8dd-4104-82c4-7de043c421ed}</UniqueIdentifier>
    </Filter>
    <Filter Include="Framework\source">
      <UniqueIdentifier>{0fa1c21f-1ac5-4624-a31d-dc523bcb1e0b}</UniqueIdentifier>
    </Filter>
  </ItemGroup>
  <ItemGroup>
    <Image Include="Face_00.png">
      <Filter>Resources</Filter>
    </Image>
    <Image Include="Char_Max.png">
      <Filter>Resources</Filter>
    </Image>
  </ItemGroup>
  <ItemGroup>
    <None Include="char_max.FBX">
      <Filter>Resources</Filter>
    </None>
    <None Include="packages.config" />
  </ItemGroup>
  <ItemGroup>
    <FxCompile Include="object.hlsl">
      <Filter>Resources</Filter>
    </FxCompile>
  </ItemGroup>
</Project>