<?xml version="1.0" encoding="utf-8"?>
<Project ToolsVersion="4.0" xmlns="http://schemas.microsoft.com/developer/msbuild/2003">
  <ItemGroup>
    <ClCompile Include="main.cpp" />
    <ClCompile Include="fbximport.cpp" />
  </ItemGroup>
  <ItemGroup>
    <ClInclude Include="..\SimpleFramework\defined.h" />
    <ClInclude Include="fbximport.h" />
    <ClInclude Include="datatypes.h" />
    <ClInclude Include="defined.h" />
  </ItemGroup>
  <ItemGroup>
    <None Include="char_max.FBX" />
    <None Include="fairy_03_rig.FBX" />
  </ItemGroup>
</Project>