<?xml version="1.0" encoding="utf-8"?>
<Project ToolsVersion="4.0" xmlns="http://schemas.microsoft.com/developer/msbuild/2003">
  <ItemGroup>
    <Filter Include="헤더 파일">
      <UniqueIdentifier>{93995380-89BD-4b04-88EB-625FBE52EBFB}</UniqueIdentifier>
      <Extensions>h;hh;hpp;hxx;hm;inl;inc;ipp;xsd</Extensions>
    </Filter>
  </ItemGroup>
  <ItemGroup>
    <ClInclude Include="common.h">
      <Filter>헤더 파일</Filter>
    </ClInclude>
    <ClInclude Include="symbols.h">
      <Filter>헤더 파일</Filter>
    </ClInclude>
    <ClInclude Include="defined_type.h">
      <Filter>헤더 파일</Filter>
    </ClInclude>
    <ClInclude Include="defined_macro.h">
      <Filter>헤더 파일</Filter>
    </ClInclude>
    <ClInclude Include="allocators.ixx" />
    <ClInclude Include="container.ixx" />
    <ClInclude Include="mempage.ixx" />
  </ItemGroup>
  <ItemGroup>
    <None Include=".editorconfig" />
  </ItemGroup>
</Project>