<?xml version="1.0" encoding="utf-8"?>
<Project ToolsVersion="4.0" xmlns="http://schemas.microsoft.com/developer/msbuild/2003">
  <ItemGroup>
    <ClCompile Include="datatypes.cpp" />
    <ClCompile Include="dxentry.cpp" />
    <ClCompile Include="fbximport.cpp" />
    <ClCompile Include="winmain.cpp" />
    <ClCompile Include="renderres.cpp" />
    <ClCompile Include="dx11res.cpp" />
    <ClCompile Include="dx11depend.cpp" />
  </ItemGroup>
  <ItemGroup>
    <ClInclude Include="datatypes.h" />
    <ClInclude Include="defined.h" />
    <ClInclude Include="dxentry.h" />
    <ClInclude Include="fbximport.h" />
    <ClInclude Include="renderres.h" />
    <ClInclude Include="dx11res.h" />
    <ClInclude Include="dx11util.h" />
    <ClInclude Include="dx11depend.h" />
  </ItemGroup>
  <ItemGroup>
    <Image Include="Char_Max.png">
      <Filter>Resoureces</Filter>
    </Image>
    <Image Include="Face_00.png">
      <Filter>Resoureces</Filter>
    </Image>
  </ItemGroup>
  <ItemGroup>
    <Filter Include="Resoureces">
      <UniqueIdentifier>{dd3d9499-af98-4059-819b-2c5db45deb15}</UniqueIdentifier>
    </Filter>
  </ItemGroup>
  <ItemGroup>
    <None Include="char_max.FBX">
      <Filter>Resoureces</Filter>
    </None>
    <None Include="packages.config" />
    <None Include="char_max_triangulated.fbx">
      <Filter>Resoureces</Filter>
    </None>
  </ItemGroup>
  <ItemGroup>
    <FxCompile Include="object.hlsl">
      <Filter>Resoureces</Filter>
    </FxCompile>
    <FxCompile Include="dqs_compute.hlsl">
      <Filter>Resoureces</Filter>
    </FxCompile>
    <FxCompile Include="dq.hlsl">
      <Filter>Resoureces</Filter>
    </FxCompile>
    <FxCompile Include="lbs_compute.hlsl">
      <Filter>Resoureces</Filter>
    </FxCompile>
  </ItemGroup>
</Project>