<?xml version="1.0" encoding="utf-8"?>
<Project ToolsVersion="4.0" xmlns="http://schemas.microsoft.com/developer/msbuild/2003">
  <ItemGroup>
    <ClCompile Include="dxentry.cpp" />
    <ClCompile Include="..\Framework\source\renderinstance.cpp">
      <Filter>Framework\source</Filter>
    </ClCompile>
    <ClCompile Include="..\Framework\source\winmain.cpp">
      <Filter>Framework\source</Filter>
    </ClCompile>
    <ClCompile Include="..\Framework\source\dx11util.cpp">
      <Filter>Framework\source</Filter>
    </ClCompile>
    <ClCompile Include="..\Framework\source\allocators.cpp">
      <Filter>Framework\source</Filter>
    </ClCompile>
    <ClCompile Include="..\Framework\source\datatypes.cpp">
      <Filter>Framework\source</Filter>
    </ClCompile>
    <ClCompile Include="..\Framework\source\dx11depend.cpp">
      <Filter>Framework\source</Filter>
    </ClCompile>
    <ClCompile Include="..\Framework\source\dx11res.cpp">
      <Filter>Framework\source</Filter>
    </ClCompile>
    <ClCompile Include="..\Framework\source\dx11resdesc.cpp">
      <Filter>Framework\source</Filter>
    </ClCompile>
    <ClCompile Include="..\Framework\source\fbximport.cpp">
      <Filter>Framework\source</Filter>
    </ClCompile>
  </ItemGroup>
  <ItemGroup>
    <Image Include="Char_Max.png">
      <Filter>Resoureces</Filter>
    </Image>
    <Image Include="Face_00.png">
      <Filter>Resoureces</Filter>
    </Image>
  </ItemGroup>
  <ItemGroup>
    <Filter Include="Resoureces">
      <UniqueIdentifier>{dd3d9499-af98-4059-819b-2c5db45deb15}</UniqueIdentifier>
    </Filter>
    <Filter Include="Framework">
      <UniqueIdentifier>{137308a0-3028-424e-8617-b6979bd7d90a}</UniqueIdentifier>
    </Filter>
    <Filter Include="Framework\source">
      <UniqueIdentifier>{9c8f2c6d-88ca-4d17-91e6-37c7053f2ad5}</UniqueIdentifier>
    </Filter>
  </ItemGroup>
  <ItemGroup>
    <None Include="char_max.FBX">
      <Filter>Resoureces</Filter>
    </None>
    <None Include="packages.config" />
    <None Include="char_max_triangulated.fbx">
      <Filter>Resoureces</Filter>
    </None>
  </ItemGroup>
  <ItemGroup>
    <FxCompile Include="object.hlsl">
      <Filter>Resoureces</Filter>
    </FxCompile>
    <FxCompile Include="dqs_compute.hlsl">
      <Filter>Resoureces</Filter>
    </FxCompile>
    <FxCompile Include="dq.hlsl">
      <Filter>Resoureces</Filter>
    </FxCompile>
    <FxCompile Include="lbs_compute.hlsl">
      <Filter>Resoureces</Filter>
    </FxCompile>
    <FxCompile Include="object_srv.hlsl">
      <Filter>Resoureces</Filter>
    </FxCompile>
  </ItemGroup>
</Project>